// !$*UTF8*$!
{
	archiveVersion = 1;
	classes = {
	};
	objectVersion = 46;
	objects = {

/* Begin PBXBuildFile section */
		ACE5A8FD1A9B5D6E00DB9000 /* main.m in Sources */ = {isa = PBXBuildFile; fileRef = ACE5A8FC1A9B5D6E00DB9000 /* main.m */; };
		ACE5A9001A9B5D6E00DB9000 /* AppDelegate.m in Sources */ = {isa = PBXBuildFile; fileRef = ACE5A8FF1A9B5D6E00DB9000 /* AppDelegate.m */; };
		ACE5A9031A9B5D6E00DB9000 /* ViewController.m in Sources */ = {isa = PBXBuildFile; fileRef = ACE5A9021A9B5D6E00DB9000 /* ViewController.m */; };
		ACE5A9061A9B5D6E00DB9000 /* Main.storyboard in Resources */ = {isa = PBXBuildFile; fileRef = ACE5A9041A9B5D6E00DB9000 /* Main.storyboard */; };
		ACE5A9081A9B5D6E00DB9000 /* Images.xcassets in Resources */ = {isa = PBXBuildFile; fileRef = ACE5A9071A9B5D6E00DB9000 /* Images.xcassets */; };
		ACE5A90B1A9B5D6E00DB9000 /* LaunchScreen.xib in Resources */ = {isa = PBXBuildFile; fileRef = ACE5A9091A9B5D6E00DB9000 /* LaunchScreen.xib */; };
		ACE5A9171A9B5D6F00DB9000 /* DatePickerTests.m in Sources */ = {isa = PBXBuildFile; fileRef = ACE5A9161A9B5D6F00DB9000 /* DatePickerTests.m */; };
/* End PBXBuildFile section */

/* Begin PBXContainerItemProxy section */
		ACE5A9111A9B5D6F00DB9000 /* PBXContainerItemProxy */ = {
			isa = PBXContainerItemProxy;
			containerPortal = ACE5A8EF1A9B5D6E00DB9000 /* Project object */;
			proxyType = 1;
			remoteGlobalIDString = ACE5A8F61A9B5D6E00DB9000;
			remoteInfo = DatePicker;
		};
/* End PBXContainerItemProxy section */

/* Begin PBXFileReference section */
		ACE5A8F71A9B5D6E00DB9000 /* DatePicker.app */ = {isa = PBXFileReference; explicitFileType = wrapper.application; includeInIndex = 0; path = DatePicker.app; sourceTree = BUILT_PRODUCTS_DIR; };
		ACE5A8FB1A9B5D6E00DB9000 /* Info.plist */ = {isa = PBXFileReference; lastKnownFileType = text.plist.xml; path = Info.plist; sourceTree = "<group>"; };
		ACE5A8FC1A9B5D6E00DB9000 /* main.m */ = {isa = PBXFileReference; lastKnownFileType = sourcecode.c.objc; path = main.m; sourceTree = "<group>"; };
		ACE5A8FE1A9B5D6E00DB9000 /* AppDelegate.h */ = {isa = PBXFileReference; lastKnownFileType = sourcecode.c.h; path = AppDelegate.h; sourceTree = "<group>"; };
		ACE5A8FF1A9B5D6E00DB9000 /* AppDelegate.m */ = {isa = PBXFileReference; lastKnownFileType = sourcecode.c.objc; path = AppDelegate.m; sourceTree = "<group>"; };
		ACE5A9011A9B5D6E00DB9000 /* ViewController.h */ = {isa = PBXFileReference; lastKnownFileType = sourcecode.c.h; path = ViewController.h; sourceTree = "<group>"; };
		ACE5A9021A9B5D6E00DB9000 /* ViewController.m */ = {isa = PBXFileReference; lastKnownFileType = sourcecode.c.objc; path = ViewController.m; sourceTree = "<group>"; };
		ACE5A9051A9B5D6E00DB9000 /* Base */ = {isa = PBXFileReference; lastKnownFileType = file.storyboard; name = Base; path = Base.lproj/Main.storyboard; sourceTree = "<group>"; };
		ACE5A9071A9B5D6E00DB9000 /* Images.xcassets */ = {isa = PBXFileReference; lastKnownFileType = folder.assetcatalog; path = Images.xcassets; sourceTree = "<group>"; };
		ACE5A90A1A9B5D6E00DB9000 /* Base */ = {isa = PBXFileReference; lastKnownFileType = file.xib; name = Base; path = Base.lproj/LaunchScreen.xib; sourceTree = "<group>"; };
		ACE5A9101A9B5D6F00DB9000 /* DatePickerTests.xctest */ = {isa = PBXFileReference; explicitFileType = wrapper.cfbundle; includeInIndex = 0; path = DatePickerTests.xctest; sourceTree = BUILT_PRODUCTS_DIR; };
		ACE5A9151A9B5D6F00DB9000 /* Info.plist */ = {isa = PBXFileReference; lastKnownFileType = text.plist.xml; path = Info.plist; sourceTree = "<group>"; };
		ACE5A9161A9B5D6F00DB9000 /* DatePickerTests.m */ = {isa = PBXFileReference; lastKnownFileType = sourcecode.c.objc; path = DatePickerTests.m; sourceTree = "<group>"; };
/* End PBXFileReference section */

/* Begin PBXFrameworksBuildPhase section */
		ACE5A8F41A9B5D6E00DB9000 /* Frameworks */ = {
			isa = PBXFrameworksBuildPhase;
			buildActionMask = 2147483647;
			files = (
			);
			runOnlyForDeploymentPostprocessing = 0;
		};
		ACE5A90D1A9B5D6F00DB9000 /* Frameworks */ = {
			isa = PBXFrameworksBuildPhase;
			buildActionMask = 2147483647;
			files = (
			);
			runOnlyForDeploymentPostprocessing = 0;
		};
/* End PBXFrameworksBuildPhase section */

/* Begin PBXGroup section */
		ACE5A8EE1A9B5D6E00DB9000 = {
			isa = PBXGroup;
			children = (
				ACE5A8F91A9B5D6E00DB9000 /* DatePicker */,
				ACE5A9131A9B5D6F00DB9000 /* DatePickerTests */,
				ACE5A8F81A9B5D6E00DB9000 /* Products */,
			);
			sourceTree = "<group>";
		};
		ACE5A8F81A9B5D6E00DB9000 /* Products */ = {
			isa = PBXGroup;
			children = (
				ACE5A8F71A9B5D6E00DB9000 /* DatePicker.app */,
				ACE5A9101A9B5D6F00DB9000 /* DatePickerTests.xctest */,
			);
			name = Products;
			sourceTree = "<group>";
		};
		ACE5A8F91A9B5D6E00DB9000 /* DatePicker */ = {
			isa = PBXGroup;
			children = (
				ACE5A8FE1A9B5D6E00DB9000 /* AppDelegate.h */,
				ACE5A8FF1A9B5D6E00DB9000 /* AppDelegate.m */,
				ACE5A9011A9B5D6E00DB9000 /* ViewController.h */,
				ACE5A9021A9B5D6E00DB9000 /* ViewController.m */,
				ACE5A9041A9B5D6E00DB9000 /* Main.storyboard */,
				ACE5A9071A9B5D6E00DB9000 /* Images.xcassets */,
				ACE5A9091A9B5D6E00DB9000 /* LaunchScreen.xib */,
				ACE5A8FA1A9B5D6E00DB9000 /* Supporting Files */,
			);
			path = DatePicker;
			sourceTree = "<group>";
		};
		ACE5A8FA1A9B5D6E00DB9000 /* Supporting Files */ = {
			isa = PBXGroup;
			children = (
				ACE5A8FB1A9B5D6E00DB9000 /* Info.plist */,
				ACE5A8FC1A9B5D6E00DB9000 /* main.m */,
			);
			name = "Supporting Files";
			sourceTree = "<group>";
		};
		ACE5A9131A9B5D6F00DB9000 /* DatePickerTests */ = {
			isa = PBXGroup;
			children = (
				ACE5A9161A9B5D6F00DB9000 /* DatePickerTests.m */,
				ACE5A9141A9B5D6F00DB9000 /* Supporting Files */,
			);
			path = DatePickerTests;
			sourceTree = "<group>";
		};
		ACE5A9141A9B5D6F00DB9000 /* Supporting Files */ = {
			isa = PBXGroup;
			children = (
				ACE5A9151A9B5D6F00DB9000 /* Info.plist */,
			);
			name = "Supporting Files";
			sourceTree = "<group>";
		};
/* End PBXGroup section */

/* Begin PBXNativeTarget section */
		ACE5A8F61A9B5D6E00DB9000 /* DatePicker */ = {
			isa = PBXNativeTarget;
			buildConfigurationList = ACE5A91A1A9B5D6F00DB9000 /* Build configuration list for PBXNativeTarget "DatePicker" */;
			buildPhases = (
				ACE5A8F31A9B5D6E00DB9000 /* Sources */,
				ACE5A8F41A9B5D6E00DB9000 /* Frameworks */,
				ACE5A8F51A9B5D6E00DB9000 /* Resources */,
			);
			buildRules = (
			);
			dependencies = (
			);
			name = DatePicker;
			productName = DatePicker;
			productReference = ACE5A8F71A9B5D6E00DB9000 /* DatePicker.app */;
			productType = "com.apple.product-type.application";
		};
		ACE5A90F1A9B5D6F00DB9000 /* DatePickerTests */ = {
			isa = PBXNativeTarget;
			buildConfigurationList = ACE5A91D1A9B5D6F00DB9000 /* Build configuration list for PBXNativeTarget "DatePickerTests" */;
			buildPhases = (
				ACE5A90C1A9B5D6F00DB9000 /* Sources */,
				ACE5A90D1A9B5D6F00DB9000 /* Frameworks */,
				ACE5A90E1A9B5D6F00DB9000 /* Resources */,
			);
			buildRules = (
			);
			dependencies = (
				ACE5A9121A9B5D6F00DB9000 /* PBXTargetDependency */,
			);
			name = DatePickerTests;
			productName = DatePickerTests;
			productReference = ACE5A9101A9B5D6F00DB9000 /* DatePickerTests.xctest */;
			productType = "com.apple.product-type.bundle.unit-test";
		};
/* End PBXNativeTarget section */

/* Begin PBXProject section */
		ACE5A8EF1A9B5D6E00DB9000 /* Project object */ = {
			isa = PBXProject;
			attributes = {
				LastUpgradeCheck = 0610;
				ORGANIZATIONNAME = mspsys087;
				TargetAttributes = {
					ACE5A8F61A9B5D6E00DB9000 = {
						CreatedOnToolsVersion = 6.1;
					};
					ACE5A90F1A9B5D6F00DB9000 = {
						CreatedOnToolsVersion = 6.1;
						TestTargetID = ACE5A8F61A9B5D6E00DB9000;
					};
				};
			};
			buildConfigurationList = ACE5A8F21A9B5D6E00DB9000 /* Build configuration list for PBXProject "DatePicker" */;
			compatibilityVersion = "Xcode 3.2";
			developmentRegion = English;
			hasScannedForEncodings = 0;
			knownRegions = (
				en,
				Base,
			);
			mainGroup = ACE5A8EE1A9B5D6E00DB9000;
			productRefGroup = ACE5A8F81A9B5D6E00DB9000 /* Products */;
			projectDirPath = "";
			projectRoot = "";
			targets = (
				ACE5A8F61A9B5D6E00DB9000 /* DatePicker */,
				ACE5A90F1A9B5D6F00DB9000 /* DatePickerTests */,
			);
		};
/* End PBXProject section */

/* Begin PBXResourcesBuildPhase section */
		ACE5A8F51A9B5D6E00DB9000 /* Resources */ = {
			isa = PBXResourcesBuildPhase;
			buildActionMask = 2147483647;
			files = (
				ACE5A9061A9B5D6E00DB9000 /* Main.storyboard in Resources */,
				ACE5A90B1A9B5D6E00DB9000 /* LaunchScreen.xib in Resources */,
				ACE5A9081A9B5D6E00DB9000 /* Images.xcassets in Resources */,
			);
			runOnlyForDeploymentPostprocessing = 0;
		};
		ACE5A90E1A9B5D6F00DB9000 /* Resources */ = {
			isa = PBXResourcesBuildPhase;
			buildActionMask = 2147483647;
			files = (
			);
			runOnlyForDeploymentPostprocessing = 0;
		};
/* End PBXResourcesBuildPhase section */

/* Begin PBXSourcesBuildPhase section */
		ACE5A8F31A9B5D6E00DB9000 /* Sources */ = {
			isa = PBXSourcesBuildPhase;
			buildActionMask = 2147483647;
			files = (
				ACE5A9031A9B5D6E00DB9000 /* ViewController.m in Sources */,
				ACE5A9001A9B5D6E00DB9000 /* AppDelegate.m in Sources */,
				ACE5A8FD1A9B5D6E00DB9000 /* main.m in Sources */,
			);
			runOnlyForDeploymentPostprocessing = 0;
		};
		ACE5A90C1A9B5D6F00DB9000 /* Sources */ = {
			isa = PBXSourcesBuildPhase;
			buildActionMask = 2147483647;
			files = (
				ACE5A9171A9B5D6F00DB9000 /* DatePickerTests.m in Sources */,
			);
			runOnlyForDeploymentPostprocessing = 0;
		};
/* End PBXSourcesBuildPhase section */

/* Begin PBXTargetDependency section */
		ACE5A9121A9B5D6F00DB9000 /* PBXTargetDependency */ = {
			isa = PBXTargetDependency;
			target = ACE5A8F61A9B5D6E00DB9000 /* DatePicker */;
			targetProxy = ACE5A9111A9B5D6F00DB9000 /* PBXContainerItemProxy */;
		};
/* End PBXTargetDependency section */

/* Begin PBXVariantGroup section */
		ACE5A9041A9B5D6E00DB9000 /* Main.storyboard */ = {
			isa = PBXVariantGroup;
			children = (
				ACE5A9051A9B5D6E00DB9000 /* Base */,
			);
			name = Main.storyboard;
			sourceTree = "<group>";
		};
		ACE5A9091A9B5D6E00DB9000 /* LaunchScreen.xib */ = {
			isa = PBXVariantGroup;
			children = (
				ACE5A90A1A9B5D6E00DB9000 /* Base */,
			);
			name = LaunchScreen.xib;
			sourceTree = "<group>";
		};
/* End PBXVariantGroup section */

/* Begin XCBuildConfiguration section */
		ACE5A9181A9B5D6F00DB9000 /* Debug */ = {
			isa = XCBuildConfiguration;
			buildSettings = {
				ALWAYS_SEARCH_USER_PATHS = NO;
				CLANG_CXX_LANGUAGE_STANDARD = "gnu++0x";
				CLANG_CXX_LIBRARY = "libc++";
				CLANG_ENABLE_MODULES = YES;
				CLANG_ENABLE_OBJC_ARC = YES;
				CLANG_WARN_BOOL_CONVERSION = YES;
				CLANG_WARN_CONSTANT_CONVERSION = YES;
				CLANG_WARN_DIRECT_OBJC_ISA_USAGE = YES_ERROR;
				CLANG_WARN_EMPTY_BODY = YES;
				CLANG_WARN_ENUM_CONVERSION = YES;
				CLANG_WARN_INT_CONVERSION = YES;
				CLANG_WARN_OBJC_ROOT_CLASS = YES_ERROR;
				CLANG_WARN_UNREACHABLE_CODE = YES;
				CLANG_WARN__DUPLICATE_METHOD_MATCH = YES;
				"CODE_SIGN_IDENTITY[sdk=iphoneos*]" = "iPhone Developer";
				COPY_PHASE_STRIP = NO;
				ENABLE_STRICT_OBJC_MSGSEND = YES;
				GCC_C_LANGUAGE_STANDARD = gnu99;
				GCC_DYNAMIC_NO_PIC = NO;
				GCC_OPTIMIZATION_LEVEL = 0;
				GCC_PREPROCESSOR_DEFINITIONS = (
					"DEBUG=1",
					"$(inherited)",
				);
				GCC_SYMBOLS_PRIVATE_EXTERN = NO;
				GCC_WARN_64_TO_32_BIT_CONVERSION = YES;
				GCC_WARN_ABOUT_RETURN_TYPE = YES_ERROR;
				GCC_WARN_UNDECLARED_SELECTOR = YES;
				GCC_WARN_UNINITIALIZED_AUTOS = YES_AGGRESSIVE;
				GCC_WARN_UNUSED_FUNCTION = YES;
				GCC_WARN_UNUSED_VARIABLE = YES;
				IPHONEOS_DEPLOYMENT_TARGET = 8.1;
				MTL_ENABLE_DEBUG_INFO = YES;
				ONLY_ACTIVE_ARCH = YES;
				SDKROOT = iphoneos;
			};
			name = Debug;
		};
		ACE5A9191A9B5D6F00DB9000 /* Release */ = {
			isa = XCBuildConfiguration;
			buildSettings = {
				ALWAYS_SEARCH_USER_PATHS = NO;
				CLANG_CXX_LANGUAGE_STANDARD = "gnu++0x";
				CLANG_CXX_LIBRARY = "libc++";
				CLANG_ENABLE_MODULES = YES;
				CLANG_ENABLE_OBJC_ARC = YES;
				CLANG_WARN_BOOL_CONVERSION = YES;
				CLANG_WARN_CONSTANT_CONVERSION = YES;
				CLANG_WARN_DIRECT_OBJC_ISA_USAGE = YES_ERROR;
				CLANG_WARN_EMPTY_BODY = YES;
				CLANG_WARN_ENUM_CONVERSION = YES;
				CLANG_WARN_INT_CONVERSION = YES;
				CLANG_WARN_OBJC_ROOT_CLASS = YES_ERROR;
				CLANG_WARN_UNREACHABLE_CODE = YES;
				CLANG_WARN__DUPLICATE_METHOD_MATCH = YES;
				"CODE_SIGN_IDENTITY[sdk=iphoneos*]" = "iPhone Developer";
				COPY_PHASE_STRIP = YES;
				ENABLE_NS_ASSERTIONS = NO;
				ENABLE_STRICT_OBJC_MSGSEND = YES;
				GCC_C_LANGUAGE_STANDARD = gnu99;
				GCC_WARN_64_TO_32_BIT_CONVERSION = YES;
				GCC_WARN_ABOUT_RETURN_TYPE = YES_ERROR;
				GCC_WARN_UNDECLARED_SELECTOR = YES;
				GCC_WARN_UNINITIALIZED_AUTOS = YES_AGGRESSIVE;
				GCC_WARN_UNUSED_FUNCTION = YES;
				GCC_WARN_UNUSED_VARIABLE = YES;
				IPHONEOS_DEPLOYMENT_TARGET = 8.1;
				MTL_ENABLE_DEBUG_INFO = NO;
				SDKROOT = iphoneos;
				VALIDATE_PRODUCT = YES;
			};
			name = Release;
		};
		ACE5A91B1A9B5D6F00DB9000 /* Debug */ = {
			isa = XCBuildConfiguration;
			buildSettings = {
				ASSETCATALOG_COMPILER_APPICON_NAME = AppIcon;
				INFOPLIST_FILE = DatePicker/Info.plist;
				LD_RUNPATH_SEARCH_PATHS = "$(inherited) @executable_path/Frameworks";
				PRODUCT_NAME = "$(TARGET_NAME)";
			};
			name = Debug;
		};
		ACE5A91C1A9B5D6F00DB9000 /* Release */ = {
			isa = XCBuildConfiguration;
			buildSettings = {
				ASSETCATALOG_COMPILER_APPICON_NAME = AppIcon;
				INFOPLIST_FILE = DatePicker/Info.plist;
				LD_RUNPATH_SEARCH_PATHS = "$(inherited) @executable_path/Frameworks";
				PRODUCT_NAME = "$(TARGET_NAME)";
			};
			name = Release;
		};
		ACE5A91E1A9B5D6F00DB9000 /* Debug */ = {
			isa = XCBuildConfiguration;
			buildSettings = {
				BUNDLE_LOADER = "$(TEST_HOST)";
				FRAMEWORK_SEARCH_PATHS = (
					"$(SDKROOT)/Developer/Library/Frameworks",
					"$(inherited)",
				);
				GCC_PREPROCESSOR_DEFINITIONS = (
					"DEBUG=1",
					"$(inherited)",
				);
				INFOPLIST_FILE = DatePickerTests/Info.plist;
				LD_RUNPATH_SEARCH_PATHS = "$(inherited) @executable_path/Frameworks @loader_path/Frameworks";
				PRODUCT_NAME = "$(TARGET_NAME)";
				TEST_HOST = "$(BUILT_PRODUCTS_DIR)/DatePicker.app/DatePicker";
			};
			name = Debug;
		};
		ACE5A91F1A9B5D6F00DB9000 /* Release */ = {
			isa = XCBuildConfiguration;
			buildSettings = {
				BUNDLE_LOADER = "$(TEST_HOST)";
				FRAMEWORK_SEARCH_PATHS = (
					"$(SDKROOT)/Developer/Library/Frameworks",
					"$(inherited)",
				);
				INFOPLIST_FILE = DatePickerTests/Info.plist;
				LD_RUNPATH_SEARCH_PATHS = "$(inherited) @executable_path/Frameworks @loader_path/Frameworks";
				PRODUCT_NAME = "$(TARGET_NAME)";
				TEST_HOST = "$(BUILT_PRODUCTS_DIR)/DatePicker.app/DatePicker";
			};
			name = Release;
		};
/* End XCBuildConfiguration section */

/* Begin XCConfigurationList section */
		ACE5A8F21A9B5D6E00DB9000 /* Build configuration list for PBXProject "DatePicker" */ = {
			isa = XCConfigurationList;
			buildConfigurations = (
				ACE5A9181A9B5D6F00DB9000 /* Debug */,
				ACE5A9191A9B5D6F00DB9000 /* Release */,
			);
			defaultConfigurationIsVisible = 0;
			defaultConfigurationName = Release;
		};
		ACE5A91A1A9B5D6F00DB9000 /* Build configuration list for PBXNativeTarget "DatePicker" */ = {
			isa = XCConfigurationList;
			buildConfigurations = (
				ACE5A91B1A9B5D6F00DB9000 /* Debug */,
				ACE5A91C1A9B5D6F00DB9000 /* Release */,
			);
			defaultConfigurationIsVisible = 0;
		};
		ACE5A91D1A9B5D6F00DB9000 /* Build configuration list for PBXNativeTarget "DatePickerTests" */ = {
			isa = XCConfigurationList;
			buildConfigurations = (
				ACE5A91E1A9B5D6F00DB9000 /* Debug */,
				ACE5A91F1A9B5D6F00DB9000 /* Release */,
			);
			defaultConfigurationIsVisible = 0;
		};
/* End XCConfigurationList section */
	};
	rootObject = ACE5A8EF1A9B5D6E00DB9000 /* Project object */;
}
